// !$*UTF8*$!
{
	archiveVersion = 1;
	classes = {
	};
	objectVersion = 50;
	objects = {

/* Begin PBXBuildFile section */
		EE40176F25C6998600D88C3E /* AppDelegate.swift in Sources */ = {isa = PBXBuildFile; fileRef = EE40176E25C6998600D88C3E /* AppDelegate.swift */; };
		EE40177125C6998600D88C3E /* SceneDelegate.swift in Sources */ = {isa = PBXBuildFile; fileRef = EE40177025C6998600D88C3E /* SceneDelegate.swift */; };
		EE40177325C6998600D88C3E /* ViewController.swift in Sources */ = {isa = PBXBuildFile; fileRef = EE40177225C6998600D88C3E /* ViewController.swift */; };
		EE40177625C6998600D88C3E /* Main.storyboard in Resources */ = {isa = PBXBuildFile; fileRef = EE40177425C6998600D88C3E /* Main.storyboard */; };
		EE40177825C6998700D88C3E /* Assets.xcassets in Resources */ = {isa = PBXBuildFile; fileRef = EE40177725C6998700D88C3E /* Assets.xcassets */; };
		EE40177B25C6998700D88C3E /* LaunchScreen.storyboard in Resources */ = {isa = PBXBuildFile; fileRef = EE40177925C6998700D88C3E /* LaunchScreen.storyboard */; };
		EFE3A0EE72BF96F916F63D81 /* Pods_MySlider.framework in Frameworks */ = {isa = PBXBuildFile; fileRef = F2ED29B82607A1198402A964 /* Pods_MySlider.framework */; };
/* End PBXBuildFile section */

/* Begin PBXFileReference section */
		ECF3591E5A1935CBEFB134DC /* Pods-MySlider.release.xcconfig */ = {isa = PBXFileReference; includeInIndex = 1; lastKnownFileType = text.xcconfig; name = "Pods-MySlider.release.xcconfig"; path = "Target Support Files/Pods-MySlider/Pods-MySlider.release.xcconfig"; sourceTree = "<group>"; };
		EE40176B25C6998600D88C3E /* MySlider.app */ = {isa = PBXFileReference; explicitFileType = wrapper.application; includeInIndex = 0; path = MySlider.app; sourceTree = BUILT_PRODUCTS_DIR; };
		EE40176E25C6998600D88C3E /* AppDelegate.swift */ = {isa = PBXFileReference; lastKnownFileType = sourcecode.swift; path = AppDelegate.swift; sourceTree = "<group>"; };
		EE40177025C6998600D88C3E /* SceneDelegate.swift */ = {isa = PBXFileReference; lastKnownFileType = sourcecode.swift; path = SceneDelegate.swift; sourceTree = "<group>"; };
		EE40177225C6998600D88C3E /* ViewController.swift */ = {isa = PBXFileReference; lastKnownFileType = sourcecode.swift; path = ViewController.swift; sourceTree = "<group>"; };
		EE40177525C6998600D88C3E /* Base */ = {isa = PBXFileReference; lastKnownFileType = file.storyboard; name = Base; path = Base.lproj/Main.storyboard; sourceTree = "<group>"; };
		EE40177725C6998700D88C3E /* Assets.xcassets */ = {isa = PBXFileReference; lastKnownFileType = folder.assetcatalog; path = Assets.xcassets; sourceTree = "<group>"; };
		EE40177A25C6998700D88C3E /* Base */ = {isa = PBXFileReference; lastKnownFileType = file.storyboard; name = Base; path = Base.lproj/LaunchScreen.storyboard; sourceTree = "<group>"; };
		EE40177C25C6998700D88C3E /* Info.plist */ = {isa = PBXFileReference; lastKnownFileType = text.plist.xml; path = Info.plist; sourceTree = "<group>"; };
		F1DC13DC06D6A655342D34CF /* Pods-MySlider.debug.xcconfig */ = {isa = PBXFileReference; includeInIndex = 1; lastKnownFileType = text.xcconfig; name = "Pods-MySlider.debug.xcconfig"; path = "Target Support Files/Pods-MySlider/Pods-MySlider.debug.xcconfig"; sourceTree = "<group>"; };
		F2ED29B82607A1198402A964 /* Pods_MySlider.framework */ = {isa = PBXFileReference; explicitFileType = wrapper.framework; includeInIndex = 0; path = Pods_MySlider.framework; sourceTree = BUILT_PRODUCTS_DIR; };
/* End PBXFileReference section */

/* Begin PBXFrameworksBuildPhase section */
		EE40176825C6998600D88C3E /* Frameworks */ = {
			isa = PBXFrameworksBuildPhase;
			buildActionMask = 2147483647;
			files = (
				EFE3A0EE72BF96F916F63D81 /* Pods_MySlider.framework in Frameworks */,
			);
			runOnlyForDeploymentPostprocessing = 0;
		};
/* End PBXFrameworksBuildPhase section */

/* Begin PBXGroup section */
		440413A5AAF13F1B59E573DF /* Pods */ = {
			isa = PBXGroup;
			children = (
				F1DC13DC06D6A655342D34CF /* Pods-MySlider.debug.xcconfig */,
				ECF3591E5A1935CBEFB134DC /* Pods-MySlider.release.xcconfig */,
			);
			name = Pods;
			path = Pods;
			sourceTree = "<group>";
		};
		EE005C201AE46762B731B1A2 /* Frameworks */ = {
			isa = PBXGroup;
			children = (
				F2ED29B82607A1198402A964 /* Pods_MySlider.framework */,
			);
			name = Frameworks;
			sourceTree = "<group>";
		};
		EE40176225C6998600D88C3E = {
			isa = PBXGroup;
			children = (
				EE40176D25C6998600D88C3E /* MySlider */,
				EE40176C25C6998600D88C3E /* Products */,
				440413A5AAF13F1B59E573DF /* Pods */,
				EE005C201AE46762B731B1A2 /* Frameworks */,
			);
			sourceTree = "<group>";
		};
		EE40176C25C6998600D88C3E /* Products */ = {
			isa = PBXGroup;
			children = (
				EE40176B25C6998600D88C3E /* MySlider.app */,
			);
			name = Products;
			sourceTree = "<group>";
		};
		EE40176D25C6998600D88C3E /* MySlider */ = {
			isa = PBXGroup;
			children = (
				EE40176E25C6998600D88C3E /* AppDelegate.swift */,
				EE40177025C6998600D88C3E /* SceneDelegate.swift */,
				EE40177225C6998600D88C3E /* ViewController.swift */,
				EE40177425C6998600D88C3E /* Main.storyboard */,
				EE40177725C6998700D88C3E /* Assets.xcassets */,
				EE40177925C6998700D88C3E /* LaunchScreen.storyboard */,
				EE40177C25C6998700D88C3E /* Info.plist */,
			);
			path = MySlider;
			sourceTree = "<group>";
		};
/* End PBXGroup section */

/* Begin PBXNativeTarget section */
		EE40176A25C6998600D88C3E /* MySlider */ = {
			isa = PBXNativeTarget;
			buildConfigurationList = EE40177F25C6998700D88C3E /* Build configuration list for PBXNativeTarget "MySlider" */;
			buildPhases = (
				4B857D8A97C8A10598080C29 /* [CP] Check Pods Manifest.lock */,
				EE40176725C6998600D88C3E /* Sources */,
				EE40176825C6998600D88C3E /* Frameworks */,
				EE40176925C6998600D88C3E /* Resources */,
				45B620A13AB17F7FFAA23AE0 /* [CP] Embed Pods Frameworks */,
			);
			buildRules = (
			);
			dependencies = (
			);
			name = MySlider;
			productName = MySlider;
			productReference = EE40176B25C6998600D88C3E /* MySlider.app */;
			productType = "com.apple.product-type.application";
		};
/* End PBXNativeTarget section */

/* Begin PBXProject section */
		EE40176325C6998600D88C3E /* Project object */ = {
			isa = PBXProject;
			attributes = {
				LastSwiftUpdateCheck = 1220;
				LastUpgradeCheck = 1220;
				TargetAttributes = {
					EE40176A25C6998600D88C3E = {
						CreatedOnToolsVersion = 12.2;
					};
				};
			};
			buildConfigurationList = EE40176625C6998600D88C3E /* Build configuration list for PBXProject "MySlider" */;
			compatibilityVersion = "Xcode 9.3";
			developmentRegion = en;
			hasScannedForEncodings = 0;
			knownRegions = (
				en,
				Base,
			);
			mainGroup = EE40176225C6998600D88C3E;
			productRefGroup = EE40176C25C6998600D88C3E /* Products */;
			projectDirPath = "";
			projectRoot = "";
			targets = (
				EE40176A25C6998600D88C3E /* MySlider */,
			);
		};
/* End PBXProject section */

/* Begin PBXResourcesBuildPhase section */
		EE40176925C6998600D88C3E /* Resources */ = {
			isa = PBXResourcesBuildPhase;
			buildActionMask = 2147483647;
			files = (
				EE40177B25C6998700D88C3E /* LaunchScreen.storyboard in Resources */,
				EE40177825C6998700D88C3E /* Assets.xcassets in Resources */,
				EE40177625C6998600D88C3E /* Main.storyboard in Resources */,
			);
			runOnlyForDeploymentPostprocessing = 0;
		};
/* End PBXResourcesBuildPhase section */

/* Begin PBXShellScriptBuildPhase section */
		45B620A13AB17F7FFAA23AE0 /* [CP] Embed Pods Frameworks */ = {
			isa = PBXShellScriptBuildPhase;
			buildActionMask = 2147483647;
			files = (
			);
			inputFileListPaths = (
				"${PODS_ROOT}/Target Support Files/Pods-MySlider/Pods-MySlider-frameworks-${CONFIGURATION}-input-files.xcfilelist",
			);
			name = "[CP] Embed Pods Frameworks";
			outputFileListPaths = (
				"${PODS_ROOT}/Target Support Files/Pods-MySlider/Pods-MySlider-frameworks-${CONFIGURATION}-output-files.xcfilelist",
			);
			runOnlyForDeploymentPostprocessing = 0;
			shellPath = /bin/sh;
			shellScript = "\"${PODS_ROOT}/Target Support Files/Pods-MySlider/Pods-MySlider-frameworks.sh\"\n";
			showEnvVarsInLog = 0;
		};
		4B857D8A97C8A10598080C29 /* [CP] Check Pods Manifest.lock */ = {
			isa = PBXShellScriptBuildPhase;
			buildActionMask = 2147483647;
			files = (
			);
			inputFileListPaths = (
			);
			inputPaths = (
				"${PODS_PODFILE_DIR_PATH}/Podfile.lock",
				"${PODS_ROOT}/Manifest.lock",
			);
			name = "[CP] Check Pods Manifest.lock";
			outputFileListPaths = (
			);
			outputPaths = (
				"$(DERIVED_FILE_DIR)/Pods-MySlider-checkManifestLockResult.txt",
			);
			runOnlyForDeploymentPostprocessing = 0;
			shellPath = /bin/sh;
			shellScript = "diff \"${PODS_PODFILE_DIR_PATH}/Podfile.lock\" \"${PODS_ROOT}/Manifest.lock\" > /dev/null\nif [ $? != 0 ] ; then\n    # print error to STDERR\n    echo \"error: The sandbox is not in sync with the Podfile.lock. Run 'pod install' or update your CocoaPods installation.\" >&2\n    exit 1\nfi\n# This output is used by Xcode 'outputs' to avoid re-running this script phase.\necho \"SUCCESS\" > \"${SCRIPT_OUTPUT_FILE_0}\"\n";
			showEnvVarsInLog = 0;
		};
/* End PBXShellScriptBuildPhase section */

/* Begin PBXSourcesBuildPhase section */
		EE40176725C6998600D88C3E /* Sources */ = {
			isa = PBXSourcesBuildPhase;
			buildActionMask = 2147483647;
			files = (
				EE40177325C6998600D88C3E /* ViewController.swift in Sources */,
				EE40176F25C6998600D88C3E /* AppDelegate.swift in Sources */,
				EE40177125C6998600D88C3E /* SceneDelegate.swift in Sources */,
			);
			runOnlyForDeploymentPostprocessing = 0;
		};
/* End PBXSourcesBuildPhase section */

/* Begin PBXVariantGroup section */
		EE40177425C6998600D88C3E /* Main.storyboard */ = {
			isa = PBXVariantGroup;
			children = (
				EE40177525C6998600D88C3E /* Base */,
			);
			name = Main.storyboard;
			sourceTree = "<group>";
		};
		EE40177925C6998700D88C3E /* LaunchScreen.storyboard */ = {
			isa = PBXVariantGroup;
			children = (
				EE40177A25C6998700D88C3E /* Base */,
			);
			name = LaunchScreen.storyboard;
			sourceTree = "<group>";
		};
/* End PBXVariantGroup section */

/* Begin XCBuildConfiguration section */
		EE40177D25C6998700D88C3E /* Debug */ = {
			isa = XCBuildConfiguration;
			buildSettings = {
				ALWAYS_SEARCH_USER_PATHS = NO;
				CLANG_ANALYZER_NONNULL = YES;
				CLANG_ANALYZER_NUMBER_OBJECT_CONVERSION = YES_AGGRESSIVE;
				CLANG_CXX_LANGUAGE_STANDARD = "gnu++14";
				CLANG_CXX_LIBRARY = "libc++";
				CLANG_ENABLE_MODULES = YES;
				CLANG_ENABLE_OBJC_ARC = YES;
				CLANG_ENABLE_OBJC_WEAK = YES;
				CLANG_WARN_BLOCK_CAPTURE_AUTORELEASING = YES;
				CLANG_WARN_BOOL_CONVERSION = YES;
				CLANG_WARN_COMMA = YES;
				CLANG_WARN_CONSTANT_CONVERSION = YES;
				CLANG_WARN_DEPRECATED_OBJC_IMPLEMENTATIONS = YES;
				CLANG_WARN_DIRECT_OBJC_ISA_USAGE = YES_ERROR;
				CLANG_WARN_DOCUMENTATION_COMMENTS = YES;
				CLANG_WARN_EMPTY_BODY = YES;
				CLANG_WARN_ENUM_CONVERSION = YES;
				CLANG_WARN_INFINITE_RECURSION = YES;
				CLANG_WARN_INT_CONVERSION = YES;
				CLANG_WARN_NON_LITERAL_NULL_CONVERSION = YES;
				CLANG_WARN_OBJC_IMPLICIT_RETAIN_SELF = YES;
				CLANG_WARN_OBJC_LITERAL_CONVERSION = YES;
				CLANG_WARN_OBJC_ROOT_CLASS = YES_ERROR;
				CLANG_WARN_QUOTED_INCLUDE_IN_FRAMEWORK_HEADER = YES;
				CLANG_WARN_RANGE_LOOP_ANALYSIS = YES;
				CLANG_WARN_STRICT_PROTOTYPES = YES;
				CLANG_WARN_SUSPICIOUS_MOVE = YES;
				CLANG_WARN_UNGUARDED_AVAILABILITY = YES_AGGRESSIVE;
				CLANG_WARN_UNREACHABLE_CODE = YES;
				CLANG_WARN__DUPLICATE_METHOD_MATCH = YES;
				COPY_PHASE_STRIP = NO;
				DEBUG_INFORMATION_FORMAT = dwarf;
				ENABLE_STRICT_OBJC_MSGSEND = YES;
				ENABLE_TESTABILITY = YES;
				GCC_C_LANGUAGE_STANDARD = gnu11;
				GCC_DYNAMIC_NO_PIC = NO;
				GCC_NO_COMMON_BLOCKS = YES;
				GCC_OPTIMIZATION_LEVEL = 0;
				GCC_PREPROCESSOR_DEFINITIONS = (
					"DEBUG=1",
					"$(inherited)",
				);
				GCC_WARN_64_TO_32_BIT_CONVERSION = YES;
				GCC_WARN_ABOUT_RETURN_TYPE = YES_ERROR;
				GCC_WARN_UNDECLARED_SELECTOR = YES;
				GCC_WARN_UNINITIALIZED_AUTOS = YES_AGGRESSIVE;
				GCC_WARN_UNUSED_FUNCTION = YES;
				GCC_WARN_UNUSED_VARIABLE = YES;
				IPHONEOS_DEPLOYMENT_TARGET = 14.2;
				MTL_ENABLE_DEBUG_INFO = INCLUDE_SOURCE;
				MTL_FAST_MATH = YES;
				ONLY_ACTIVE_ARCH = YES;
				SDKROOT = iphoneos;
				SWIFT_ACTIVE_COMPILATION_CONDITIONS = DEBUG;
				SWIFT_OPTIMIZATION_LEVEL = "-Onone";
			};
			name = Debug;
		};
		EE40177E25C6998700D88C3E /* Release */ = {
			isa = XCBuildConfiguration;
			buildSettings = {
				ALWAYS_SEARCH_USER_PATHS = NO;
				CLANG_ANALYZER_NONNULL = YES;
				CLANG_ANALYZER_NUMBER_OBJECT_CONVERSION = YES_AGGRESSIVE;
				CLANG_CXX_LANGUAGE_STANDARD = "gnu++14";
				CLANG_CXX_LIBRARY = "libc++";
				CLANG_ENABLE_MODULES = YES;
				CLANG_ENABLE_OBJC_ARC = YES;
				CLANG_ENABLE_OBJC_WEAK = YES;
				CLANG_WARN_BLOCK_CAPTURE_AUTORELEASING = YES;
				CLANG_WARN_BOOL_CONVERSION = YES;
				CLANG_WARN_COMMA = YES;
				CLANG_WARN_CONSTANT_CONVERSION = YES;
				CLANG_WARN_DEPRECATED_OBJC_IMPLEMENTATIONS = YES;
				CLANG_WARN_DIRECT_OBJC_ISA_USAGE = YES_ERROR;
				CLANG_WARN_DOCUMENTATION_COMMENTS = YES;
				CLANG_WARN_EMPTY_BODY = YES;
				CLANG_WARN_ENUM_CONVERSION = YES;
				CLANG_WARN_INFINITE_RECURSION = YES;
				CLANG_WARN_INT_CONVERSION = YES;
				CLANG_WARN_NON_LITERAL_NULL_CONVERSION = YES;
				CLANG_WARN_OBJC_IMPLICIT_RETAIN_SELF = YES;
				CLANG_WARN_OBJC_LITERAL_CONVERSION = YES;
				CLANG_WARN_OBJC_ROOT_CLASS = YES_ERROR;
				CLANG_WARN_QUOTED_INCLUDE_IN_FRAMEWORK_HEADER = YES;
				CLANG_WARN_RANGE_LOOP_ANALYSIS = YES;
				CLANG_WARN_STRICT_PROTOTYPES = YES;
				CLANG_WARN_SUSPICIOUS_MOVE = YES;
				CLANG_WARN_UNGUARDED_AVAILABILITY = YES_AGGRESSIVE;
				CLANG_WARN_UNREACHABLE_CODE = YES;
				CLANG_WARN__DUPLICATE_METHOD_MATCH = YES;
				COPY_PHASE_STRIP = NO;
				DEBUG_INFORMATION_FORMAT = "dwarf-with-dsym";
				ENABLE_NS_ASSERTIONS = NO;
				ENABLE_STRICT_OBJC_MSGSEND = YES;
				GCC_C_LANGUAGE_STANDARD = gnu11;
				GCC_NO_COMMON_BLOCKS = YES;
				GCC_WARN_64_TO_32_BIT_CONVERSION = YES;
				GCC_WARN_ABOUT_RETURN_TYPE = YES_ERROR;
				GCC_WARN_UNDECLARED_SELECTOR = YES;
				GCC_WARN_UNINITIALIZED_AUTOS = YES_AGGRESSIVE;
				GCC_WARN_UNUSED_FUNCTION = YES;
				GCC_WARN_UNUSED_VARIABLE = YES;
				IPHONEOS_DEPLOYMENT_TARGET = 14.2;
				MTL_ENABLE_DEBUG_INFO = NO;
				MTL_FAST_MATH = YES;
				SDKROOT = iphoneos;
				SWIFT_COMPILATION_MODE = wholemodule;
				SWIFT_OPTIMIZATION_LEVEL = "-O";
				VALIDATE_PRODUCT = YES;
			};
			name = Release;
		};
		EE40178025C6998700D88C3E /* Debug */ = {
			isa = XCBuildConfiguration;
			baseConfigurationReference = F1DC13DC06D6A655342D34CF /* Pods-MySlider.debug.xcconfig */;
			buildSettings = {
				ASSETCATALOG_COMPILER_APPICON_NAME = AppIcon;
				ASSETCATALOG_COMPILER_GLOBAL_ACCENT_COLOR_NAME = AccentColor;
				CODE_SIGN_STYLE = Automatic;
				DEVELOPMENT_TEAM = X4XKW9NXX6;
				INFOPLIST_FILE = MySlider/Info.plist;
				LD_RUNPATH_SEARCH_PATHS = (
					"$(inherited)",
					"@executable_path/Frameworks",
				);
				PRODUCT_BUNDLE_IDENTIFIER = firsttwo.MySlider;
				PRODUCT_NAME = "$(TARGET_NAME)";
				SWIFT_VERSION = 5.0;
				TARGETED_DEVICE_FAMILY = "1,2";
			};
			name = Debug;
		};
		EE40178125C6998700D88C3E /* Release */ = {
			isa = XCBuildConfiguration;
			baseConfigurationReference = ECF3591E5A1935CBEFB134DC /* Pods-MySlider.release.xcconfig */;
			buildSettings = {
				ASSETCATALOG_COMPILER_APPICON_NAME = AppIcon;
				ASSETCATALOG_COMPILER_GLOBAL_ACCENT_COLOR_NAME = AccentColor;
				CODE_SIGN_STYLE = Automatic;
				DEVELOPMENT_TEAM = X4XKW9NXX6;
				INFOPLIST_FILE = MySlider/Info.plist;
				LD_RUNPATH_SEARCH_PATHS = (
					"$(inherited)",
					"@executable_path/Frameworks",
				);
				PRODUCT_BUNDLE_IDENTIFIER = firsttwo.MySlider;
				PRODUCT_NAME = "$(TARGET_NAME)";
				SWIFT_VERSION = 5.0;
				TARGETED_DEVICE_FAMILY = "1,2";
			};
			name = Release;
		};
/* End XCBuildConfiguration section */

/* Begin XCConfigurationList section */
		EE40176625C6998600D88C3E /* Build configuration list for PBXProject "MySlider" */ = {
			isa = XCConfigurationList;
			buildConfigurations = (
				EE40177D25C6998700D88C3E /* Debug */,
				EE40177E25C6998700D88C3E /* Release */,
			);
			defaultConfigurationIsVisible = 0;
			defaultConfigurationName = Release;
		};
		EE40177F25C6998700D88C3E /* Build configuration list for PBXNativeTarget "MySlider" */ = {
			isa = XCConfigurationList;
			buildConfigurations = (
				EE40178025C6998700D88C3E /* Debug */,
				EE40178125C6998700D88C3E /* Release */,
			);
			defaultConfigurationIsVisible = 0;
			defaultConfigurationName = Release;
		};
/* End XCConfigurationList section */
	};
	rootObject = EE40176325C6998600D88C3E /* Project object */;
}
